<?xml version="1.0" encoding="utf-8"?>
<Project ToolsVersion="4.0" xmlns="http://schemas.microsoft.com/developer/msbuild/2003">
  <ItemGroup>
    <ClCompile Include="Main.cpp" />
    <ClCompile Include="MainGame.cpp" />
    <ClCompile Include="stdafx.cpp" />
    <ClCompile Include="CourseObjects\Week 3\MinionScene.cpp" />
    <ClCompile Include="CourseObjects\Week 3\ComponentTestScene.cpp" />
    <ClCompile Include="CourseObjects\Pong\PongScene.cpp" />
    <ClCompile Include="CourseObjects\Week 4\ModelTestScene.cpp" />
    <ClCompile Include="CourseObjects\Week 4\SpikeyScene.cpp" />
    <ClCompile Include="Materials\ColorMaterial.cpp" />
    <ClCompile Include="Materials\SpikeyMaterial.cpp" />
    <ClCompile Include="Materials\DiffuseMaterial.cpp" />
    <ClCompile Include="Materials\UberMaterial.cpp" />
    <ClCompile Include="CourseObjects\Week 4\UberScene.cpp" />
    <ClCompile Include="CourseObjects\Week 4\SpriteTestScene.cpp" />
    <ClCompile Include="CourseObjects\Week 5\Character.cpp" />
    <ClCompile Include="CourseObjects\Week 5\PickScene.cpp" />
    <ClCompile Include="CourseObjects\Week 5\CharacterScene.cpp" />
    <ClCompile Include="CourseObjects\Week 5\FontTestScene.cpp" />
    <ClCompile Include="CourseObjects\Week 6\BoneObject.cpp" />
    <ClCompile Include="CourseObjects\Week 6\SoftwareSkinningScene_1.cpp" />
    <ClCompile Include="CourseObjects\Week 6\SoftwareSkinningScene_2.cpp" />
    <ClCompile Include="CourseObjects\Week 6\SoftwareSkinningScene_3.cpp" />
    <ClCompile Include="CourseObjects\Week 7\HardwareSkinningScene.cpp" />
    <ClCompile Include="Materials\SkinnedDiffuseMaterial.cpp" />
    <ClCompile Include="CourseObjects\Week 8\ShadowMappingScene.cpp" />
    <ClCompile Include="Materials\Shadow\DiffuseMaterial_Shadow.cpp" />
    <ClCompile Include="Materials\Shadow\SkinnedDiffuseMaterial_Shadow.cpp" />
    <ClCompile Include="CourseObjects\Week 9\ParticleScene.cpp" />
    <ClCompile Include="CourseObjects\Week 10\PostBlur.cpp" />
    <ClCompile Include="CourseObjects\Week 10\PostGrayscale.cpp" />
    <ClCompile Include="CourseObjects\Week 10\PostProcessingScene.cpp" />
    <ClCompile Include="CourseObjects\MonkeyBall\MonkeyBallChar.cpp" />
    <ClCompile Include="CourseObjects\MonkeyBall\MonkeyBallMainScene.cpp" />
    <ClCompile Include="CourseObjects\MonkeyBall\Banana.cpp" />
    <ClCompile Include="CourseObjects\MonkeyBall\PostLUT.cpp" />
    <ClCompile Include="CourseObjects\MonkeyBall\RotatorComponent.cpp" />
    <ClCompile Include="CourseObjects\MonkeyBall\MBPrefabs.cpp" />
    <ClCompile Include="CourseObjects\MonkeyBall\EndPortal.cpp" />
    <ClCompile Include="CourseObjects\MonkeyBall\MonkeyBallMenuScene.cpp" />
    <ClCompile Include="CourseObjects\MonkeyBall\MonkeyBallInGameMenuScene.cpp" />
    <ClCompile Include="CourseObjects\MonkeyBall\MonkeyBallEnd.cpp" />
  </ItemGroup>
  <ItemGroup>
    <ClInclude Include="MainGame.h" />
    <ClInclude Include="stdafx.h" />
    <ClInclude Include="CourseObjects\Week 3\MinionScene.h" />
    <ClInclude Include="CourseObjects\Week 3\ComponentTestScene.h" />
    <ClInclude Include="CourseObjects\Pong\PongScene.h" />
    <ClInclude Include="CourseObjects\Week 4\ModelTestScene.h" />
    <ClInclude Include="CourseObjects\Week 4\SpikeyScene.h" />
    <ClInclude Include="Materials\ColorMaterial.h" />
    <ClInclude Include="Materials\SpikeyMaterial.h" />
    <ClInclude Include="Materials\DiffuseMaterial.h" />
    <ClInclude Include="Materials\UberMaterial.h" />
    <ClInclude Include="CourseObjects\Week 4\UberScene.h" />
    <ClInclude Include="CourseObjects\Week 4\SpriteTestScene.h" />
    <ClInclude Include="CourseObjects\Week 5\Character.h" />
    <ClInclude Include="CourseObjects\Week 5\PickScene.h" />
    <ClInclude Include="CourseObjects\Week 5\CharacterScene.h" />
    <ClInclude Include="CourseObjects\Week 5\FontTestScene.h" />
    <ClInclude Include="CourseObjects\Week 6\BoneObject.h" />
    <ClInclude Include="CourseObjects\Week 6\SoftwareSkinningScene_1.h" />
    <ClInclude Include="CourseObjects\Week 6\SoftwareSkinningScene_2.h" />
    <ClInclude Include="CourseObjects\Week 6\SoftwareSkinningScene_3.h" />
    <ClInclude Include="CourseObjects\Week 7\HardwareSkinningScene.h" />
    <ClInclude Include="Materials\SkinnedDiffuseMaterial.h" />
    <ClInclude Include="CourseObjects\Week 8\ShadowMappingScene.h" />
    <ClInclude Include="Materials\Shadow\DiffuseMaterial_Shadow.h" />
    <ClInclude Include="Materials\Shadow\SkinnedDiffuseMaterial_Shadow.h" />
    <ClInclude Include="CourseObjects\Week 9\ParticleScene.h" />
    <ClInclude Include="CourseObjects\Week 10\PostProcessingScene.h" />
    <ClInclude Include="CourseObjects\Week 10\PostBlur.h" />
    <ClInclude Include="CourseObjects\Week 10\PostGrayscale.h" />
    <ClInclude Include="CourseObjects\MonkeyBall\MonkeyBallChar.h" />
    <ClInclude Include="CourseObjects\MonkeyBall\MonkeyBallMainScene.h" />
    <ClInclude Include="CourseObjects\MonkeyBall\Banana.h" />
    <ClInclude Include="CourseObjects\MonkeyBall\PostLUT.h" />
    <ClInclude Include="CourseObjects\MonkeyBall\RotatorComponent.h" />
    <ClInclude Include="CourseObjects\MonkeyBall\MBPrefabs.h" />
    <ClInclude Include="CourseObjects\MonkeyBall\EndPortal.h" />
    <ClInclude Include="CourseObjects\MonkeyBall\MonkeyBallMenuScene.h" />
    <ClInclude Include="CourseObjects\MonkeyBall\MonkeyBallInGameMenuScene.h" />
    <ClInclude Include="CourseObjects\MonkeyBall\MonkeyBallEnd.h" />
  </ItemGroup>
</Project>